
Microsoft Visual Studio Solution File, Format Version 11.00
# Visual Studio 2010
Project("{FAE04EC0-301F-11D3-BF4B-00C04F79EFBC}") = "UnityEngine.TestRunner", "UnityEngine.TestRunner.csproj", "{3c826562-0e6d-76b6-3a3c-df0f8c372530}"
EndProject
Project("{FAE04EC0-301F-11D3-BF4B-00C04F79EFBC}") = "Unity.Timeline", "Unity.Timeline.csproj", "{90bdacd1-1697-4446-9546-2b1e53b73067}"
EndProject
Project("{FAE04EC0-301F-11D3-BF4B-00C04F79EFBC}") = "UnityEngine.UI", "UnityEngine.UI.csproj", "{c32cf670-da93-88e7-2bfb-7cc95c3ee77e}"
EndProject
Project("{FAE04EC0-301F-11D3-BF4B-00C04F79EFBC}") = "Unity.TextMeshPro", "Unity.TextMeshPro.csproj", "{cf993f9b-2873-73fd-e134-0dcc453fa0a6}"
EndProject
Project("{FAE04EC0-301F-11D3-BF4B-00C04F79EFBC}") = "Unity.Mathematics", "Unity.Mathematics.csproj", "{92e04c4a-8472-13a2-1973-364805d48d7c}"
EndProject
Project("{FAE04EC0-301F-11D3-BF4B-00C04F79EFBC}") = "Unity.2D.SpriteShape.Runtime", "Unity.2D.SpriteShape.Runtime.csproj", "{7073fac9-c66d-7242-593b-d5ab7fd67bad}"
EndProject
Project("{FAE04EC0-301F-11D3-BF4B-00C04F79EFBC}") = "Unity.2D.Common.Runtime", "Unity.2D.Common.Runtime.csproj", "{12383318-a378-957a-e6b9-733007fae11e}"
EndProject
Project("{FAE04EC0-301F-11D3-BF4B-00C04F79EFBC}") = "Unity.InternalAPIEngineBridge.001", "Unity.InternalAPIEngineBridge.001.csproj", "{2e984818-a59d-dbcf-fa66-bd41b03436bb}"
EndProject
Project("{FAE04EC0-301F-11D3-BF4B-00C04F79EFBC}") = "Assembly-CSharp", "Assembly-CSharp.csproj", "{8af78663-7491-8a03-b895-624f797246df}"
EndProject
Project("{FAE04EC0-301F-11D3-BF4B-00C04F79EFBC}") = "UnityEditor.TestRunner", "UnityEditor.TestRunner.csproj", "{1561e8c2-47fe-7f21-e487-3852885a8a5d}"
EndProject
Project("{FAE04EC0-301F-11D3-BF4B-00C04F79EFBC}") = "Unity.PlasticSCM.Editor", "Unity.PlasticSCM.Editor.csproj", "{8f8ab662-8b16-6399-cb28-4754ad81827b}"
EndProject
Project("{FAE04EC0-301F-11D3-BF4B-00C04F79EFBC}") = "UnityEditor.UI", "UnityEditor.UI.csproj", "{860f222c-af9e-18cd-b5b4-1571f1ebc2f7}"
EndProject
Project("{FAE04EC0-301F-11D3-BF4B-00C04F79EFBC}") = "Unity.Services.Core.Editor", "Unity.Services.Core.Editor.csproj", "{51e7fac4-4117-dbb7-5638-34478cabdbae}"
EndProject
Project("{FAE04EC0-301F-11D3-BF4B-00C04F79EFBC}") = "Unity.Timeline.Editor", "Unity.Timeline.Editor.csproj", "{b1fdb884-3182-9e57-6a28-387b415fe8c2}"
EndProject
Project("{FAE04EC0-301F-11D3-BF4B-00C04F79EFBC}") = "Unity.VisualStudio.Editor", "Unity.VisualStudio.Editor.csproj", "{da109257-7ae5-b1c8-a570-7647918b90eb}"
EndProject
Project("{FAE04EC0-301F-11D3-BF4B-00C04F79EFBC}") = "Unity.TextMeshPro.Editor", "Unity.TextMeshPro.Editor.csproj", "{09fb2d85-bfb6-5163-b2b3-4fe041dbee01}"
EndProject
Project("{FAE04EC0-301F-11D3-BF4B-00C04F79EFBC}") = "Unity.CollabProxy.Editor", "Unity.CollabProxy.Editor.csproj", "{018a2d8d-08c4-dc78-d1f7-e998bfb75532}"
EndProject
Project("{FAE04EC0-301F-11D3-BF4B-00C04F79EFBC}") = "Unity.Rider.Editor", "Unity.Rider.Editor.csproj", "{f296d39e-80ea-d2ea-1c48-c2364c94ad2c}"
EndProject
Project("{FAE04EC0-301F-11D3-BF4B-00C04F79EFBC}") = "Unity.VSCode.Editor", "Unity.VSCode.Editor.csproj", "{bbb67842-8d1b-2474-bb70-2cf333786fee}"
EndProject
Project("{FAE04EC0-301F-11D3-BF4B-00C04F79EFBC}") = "Unity.2D.Sprite.Editor", "Unity.2D.Sprite.Editor.csproj", "{ab92be50-73dc-f759-1d7b-20315fe288ea}"
EndProject
Project("{FAE04EC0-301F-11D3-BF4B-00C04F79EFBC}") = "Unity.InternalAPIEditorBridge.001", "Unity.InternalAPIEditorBridge.001.csproj", "{38c5bffd-2932-249d-eac8-d2e10c4f0ac2}"
EndProject
Project("{FAE04EC0-301F-11D3-BF4B-00C04F79EFBC}") = "Unity.2D.Path.Editor", "Unity.2D.Path.Editor.csproj", "{2bb34696-755c-813d-3ab2-49638e9ed688}"
EndProject
Project("{FAE04EC0-301F-11D3-BF4B-00C04F79EFBC}") = "Unity.2D.SpriteShape.Editor", "Unity.2D.SpriteShape.Editor.csproj", "{42d350ec-75f0-429d-87d2-65500e8a76b4}"
EndProject
Project("{FAE04EC0-301F-11D3-BF4B-00C04F79EFBC}") = "Unity.2D.Common.Editor", "Unity.2D.Common.Editor.csproj", "{737cf504-cd50-cc44-fe7d-65046c8fb08c}"
EndProject
Project("{FAE04EC0-301F-11D3-BF4B-00C04F79EFBC}") = "Unity.Mathematics.Editor", "Unity.Mathematics.Editor.csproj", "{8935649c-3f28-1cda-52df-e00be18dbb3a}"
EndProject
Global
	GlobalSection(SolutionConfigurationPlatforms) = preSolution
		Debug|Any CPU = Debug|Any CPU
	EndGlobalSection
	GlobalSection(ProjectConfigurationPlatforms) = postSolution
		{3c826562-0e6d-76b6-3a3c-df0f8c372530}.Debug|Any CPU.ActiveCfg = Debug|Any CPU
		{3c826562-0e6d-76b6-3a3c-df0f8c372530}.Debug|Any CPU.Build.0 = Debug|Any CPU
		{90bdacd1-1697-4446-9546-2b1e53b73067}.Debug|Any CPU.ActiveCfg = Debug|Any CPU
		{90bdacd1-1697-4446-9546-2b1e53b73067}.Debug|Any CPU.Build.0 = Debug|Any CPU
		{c32cf670-da93-88e7-2bfb-7cc95c3ee77e}.Debug|Any CPU.ActiveCfg = Debug|Any CPU
		{c32cf670-da93-88e7-2bfb-7cc95c3ee77e}.Debug|Any CPU.Build.0 = Debug|Any CPU
		{cf993f9b-2873-73fd-e134-0dcc453fa0a6}.Debug|Any CPU.ActiveCfg = Debug|Any CPU
		{cf993f9b-2873-73fd-e134-0dcc453fa0a6}.Debug|Any CPU.Build.0 = Debug|Any CPU
		{92e04c4a-8472-13a2-1973-364805d48d7c}.Debug|Any CPU.ActiveCfg = Debug|Any CPU
		{92e04c4a-8472-13a2-1973-364805d48d7c}.Debug|Any CPU.Build.0 = Debug|Any CPU
		{7073fac9-c66d-7242-593b-d5ab7fd67bad}.Debug|Any CPU.ActiveCfg = Debug|Any CPU
		{7073fac9-c66d-7242-593b-d5ab7fd67bad}.Debug|Any CPU.Build.0 = Debug|Any CPU
		{12383318-a378-957a-e6b9-733007fae11e}.Debug|Any CPU.ActiveCfg = Debug|Any CPU
		{12383318-a378-957a-e6b9-733007fae11e}.Debug|Any CPU.Build.0 = Debug|Any CPU
		{2e984818-a59d-dbcf-fa66-bd41b03436bb}.Debug|Any CPU.ActiveCfg = Debug|Any CPU
		{2e984818-a59d-dbcf-fa66-bd41b03436bb}.Debug|Any CPU.Build.0 = Debug|Any CPU
		{8af78663-7491-8a03-b895-624f797246df}.Debug|Any CPU.ActiveCfg = Debug|Any CPU
		{8af78663-7491-8a03-b895-624f797246df}.Debug|Any CPU.Build.0 = Debug|Any CPU
		{1561e8c2-47fe-7f21-e487-3852885a8a5d}.Debug|Any CPU.ActiveCfg = Debug|Any CPU
		{1561e8c2-47fe-7f21-e487-3852885a8a5d}.Debug|Any CPU.Build.0 = Debug|Any CPU
		{8f8ab662-8b16-6399-cb28-4754ad81827b}.Debug|Any CPU.ActiveCfg = Debug|Any CPU
		{8f8ab662-8b16-6399-cb28-4754ad81827b}.Debug|Any CPU.Build.0 = Debug|Any CPU
		{860f222c-af9e-18cd-b5b4-1571f1ebc2f7}.Debug|Any CPU.ActiveCfg = Debug|Any CPU
		{860f222c-af9e-18cd-b5b4-1571f1ebc2f7}.Debug|Any CPU.Build.0 = Debug|Any CPU
		{51e7fac4-4117-dbb7-5638-34478cabdbae}.Debug|Any CPU.ActiveCfg = Debug|Any CPU
		{51e7fac4-4117-dbb7-5638-34478cabdbae}.Debug|Any CPU.Build.0 = Debug|Any CPU
		{b1fdb884-3182-9e57-6a28-387b415fe8c2}.Debug|Any CPU.ActiveCfg = Debug|Any CPU
		{b1fdb884-3182-9e57-6a28-387b415fe8c2}.Debug|Any CPU.Build.0 = Debug|Any CPU
		{da109257-7ae5-b1c8-a570-7647918b90eb}.Debug|Any CPU.ActiveCfg = Debug|Any CPU
		{da109257-7ae5-b1c8-a570-7647918b90eb}.Debug|Any CPU.Build.0 = Debug|Any CPU
		{09fb2d85-bfb6-5163-b2b3-4fe041dbee01}.Debug|Any CPU.ActiveCfg = Debug|Any CPU
		{09fb2d85-bfb6-5163-b2b3-4fe041dbee01}.Debug|Any CPU.Build.0 = Debug|Any CPU
		{018a2d8d-08c4-dc78-d1f7-e998bfb75532}.Debug|Any CPU.ActiveCfg = Debug|Any CPU
		{018a2d8d-08c4-dc78-d1f7-e998bfb75532}.Debug|Any CPU.Build.0 = Debug|Any CPU
		{f296d39e-80ea-d2ea-1c48-c2364c94ad2c}.Debug|Any CPU.ActiveCfg = Debug|Any CPU
		{f296d39e-80ea-d2ea-1c48-c2364c94ad2c}.Debug|Any CPU.Build.0 = Debug|Any CPU
		{bbb67842-8d1b-2474-bb70-2cf333786fee}.Debug|Any CPU.ActiveCfg = Debug|Any CPU
		{bbb67842-8d1b-2474-bb70-2cf333786fee}.Debug|Any CPU.Build.0 = Debug|Any CPU
		{ab92be50-73dc-f759-1d7b-20315fe288ea}.Debug|Any CPU.ActiveCfg = Debug|Any CPU
		{ab92be50-73dc-f759-1d7b-20315fe288ea}.Debug|Any CPU.Build.0 = Debug|Any CPU
		{38c5bffd-2932-249d-eac8-d2e10c4f0ac2}.Debug|Any CPU.ActiveCfg = Debug|Any CPU
		{38c5bffd-2932-249d-eac8-d2e10c4f0ac2}.Debug|Any CPU.Build.0 = Debug|Any CPU
		{2bb34696-755c-813d-3ab2-49638e9ed688}.Debug|Any CPU.ActiveCfg = Debug|Any CPU
		{2bb34696-755c-813d-3ab2-49638e9ed688}.Debug|Any CPU.Build.0 = Debug|Any CPU
		{42d350ec-75f0-429d-87d2-65500e8a76b4}.Debug|Any CPU.ActiveCfg = Debug|Any CPU
		{42d350ec-75f0-429d-87d2-65500e8a76b4}.Debug|Any CPU.Build.0 = Debug|Any CPU
		{737cf504-cd50-cc44-fe7d-65046c8fb08c}.Debug|Any CPU.ActiveCfg = Debug|Any CPU
		{737cf504-cd50-cc44-fe7d-65046c8fb08c}.Debug|Any CPU.Build.0 = Debug|Any CPU
		{8935649c-3f28-1cda-52df-e00be18dbb3a}.Debug|Any CPU.ActiveCfg = Debug|Any CPU
		{8935649c-3f28-1cda-52df-e00be18dbb3a}.Debug|Any CPU.Build.0 = Debug|Any CPU
	EndGlobalSection
	GlobalSection(SolutionProperties) = preSolution
		HideSolutionNode = FALSE
	EndGlobalSection
EndGlobal
